// !$*UTF8*$!
{
	archiveVersion = 1;
	classes = {
	};
	objectVersion = 46;
	objects = {

/* Begin PBXBuildFile section */
		31F24A1E1BD1EB9C00CE1A0A /* main.m in Sources */ = {isa = PBXBuildFile; fileRef = 31F24A1D1BD1EB9C00CE1A0A /* main.m */; };
		31F24A211BD1EB9C00CE1A0A /* AppDelegate.m in Sources */ = {isa = PBXBuildFile; fileRef = 31F24A201BD1EB9C00CE1A0A /* AppDelegate.m */; };
		31F24A241BD1EB9C00CE1A0A /* ViewController.m in Sources */ = {isa = PBXBuildFile; fileRef = 31F24A231BD1EB9C00CE1A0A /* ViewController.m */; };
		31F24A271BD1EB9D00CE1A0A /* Main.storyboard in Resources */ = {isa = PBXBuildFile; fileRef = 31F24A251BD1EB9D00CE1A0A /* Main.storyboard */; };
		31F24A291BD1EB9D00CE1A0A /* Assets.xcassets in Resources */ = {isa = PBXBuildFile; fileRef = 31F24A281BD1EB9D00CE1A0A /* Assets.xcassets */; };
		31F24A2C1BD1EB9D00CE1A0A /* LaunchScreen.storyboard in Resources */ = {isa = PBXBuildFile; fileRef = 31F24A2A1BD1EB9D00CE1A0A /* LaunchScreen.storyboard */; };
		31F24A371BD1EB9D00CE1A0A /* scheduleTests.m in Sources */ = {isa = PBXBuildFile; fileRef = 31F24A361BD1EB9D00CE1A0A /* scheduleTests.m */; };
		31F24A421BD1EB9D00CE1A0A /* scheduleUITests.m in Sources */ = {isa = PBXBuildFile; fileRef = 31F24A411BD1EB9D00CE1A0A /* scheduleUITests.m */; };
/* End PBXBuildFile section */

/* Begin PBXContainerItemProxy section */
		31F24A331BD1EB9D00CE1A0A /* PBXContainerItemProxy */ = {
			isa = PBXContainerItemProxy;
			containerPortal = 31F24A111BD1EB9C00CE1A0A /* Project object */;
			proxyType = 1;
			remoteGlobalIDString = 31F24A181BD1EB9C00CE1A0A;
			remoteInfo = schedule;
		};
		31F24A3E1BD1EB9D00CE1A0A /* PBXContainerItemProxy */ = {
			isa = PBXContainerItemProxy;
			containerPortal = 31F24A111BD1EB9C00CE1A0A /* Project object */;
			proxyType = 1;
			remoteGlobalIDString = 31F24A181BD1EB9C00CE1A0A;
			remoteInfo = schedule;
		};
/* End PBXContainerItemProxy section */

/* Begin PBXFileReference section */
		31F24A191BD1EB9C00CE1A0A /* schedule.app */ = {isa = PBXFileReference; explicitFileType = wrapper.application; includeInIndex = 0; path = schedule.app; sourceTree = BUILT_PRODUCTS_DIR; };
		31F24A1D1BD1EB9C00CE1A0A /* main.m */ = {isa = PBXFileReference; lastKnownFileType = sourcecode.c.objc; path = main.m; sourceTree = "<group>"; };
		31F24A1F1BD1EB9C00CE1A0A /* AppDelegate.h */ = {isa = PBXFileReference; lastKnownFileType = sourcecode.c.h; path = AppDelegate.h; sourceTree = "<group>"; };
		31F24A201BD1EB9C00CE1A0A /* AppDelegate.m */ = {isa = PBXFileReference; lastKnownFileType = sourcecode.c.objc; path = AppDelegate.m; sourceTree = "<group>"; };
		31F24A221BD1EB9C00CE1A0A /* ViewController.h */ = {isa = PBXFileReference; lastKnownFileType = sourcecode.c.h; path = ViewController.h; sourceTree = "<group>"; };
		31F24A231BD1EB9C00CE1A0A /* ViewController.m */ = {isa = PBXFileReference; lastKnownFileType = sourcecode.c.objc; path = ViewController.m; sourceTree = "<group>"; };
		31F24A261BD1EB9D00CE1A0A /* Base */ = {isa = PBXFileReference; lastKnownFileType = file.storyboard; name = Base; path = Base.lproj/Main.storyboard; sourceTree = "<group>"; };
		31F24A281BD1EB9D00CE1A0A /* Assets.xcassets */ = {isa = PBXFileReference; lastKnownFileType = folder.assetcatalog; path = Assets.xcassets; sourceTree = "<group>"; };
		31F24A2B1BD1EB9D00CE1A0A /* Base */ = {isa = PBXFileReference; lastKnownFileType = file.storyboard; name = Base; path = Base.lproj/LaunchScreen.storyboard; sourceTree = "<group>"; };
		31F24A2D1BD1EB9D00CE1A0A /* Info.plist */ = {isa = PBXFileReference; lastKnownFileType = text.plist.xml; path = Info.plist; sourceTree = "<group>"; };
		31F24A321BD1EB9D00CE1A0A /* scheduleTests.xctest */ = {isa = PBXFileReference; explicitFileType = wrapper.cfbundle; includeInIndex = 0; path = scheduleTests.xctest; sourceTree = BUILT_PRODUCTS_DIR; };
		31F24A361BD1EB9D00CE1A0A /* scheduleTests.m */ = {isa = PBXFileReference; lastKnownFileType = sourcecode.c.objc; path = scheduleTests.m; sourceTree = "<group>"; };
		31F24A381BD1EB9D00CE1A0A /* Info.plist */ = {isa = PBXFileReference; lastKnownFileType = text.plist.xml; path = Info.plist; sourceTree = "<group>"; };
		31F24A3D1BD1EB9D00CE1A0A /* scheduleUITests.xctest */ = {isa = PBXFileReference; explicitFileType = wrapper.cfbundle; includeInIndex = 0; path = scheduleUITests.xctest; sourceTree = BUILT_PRODUCTS_DIR; };
		31F24A411BD1EB9D00CE1A0A /* scheduleUITests.m */ = {isa = PBXFileReference; lastKnownFileType = sourcecode.c.objc; path = scheduleUITests.m; sourceTree = "<group>"; };
		31F24A431BD1EB9D00CE1A0A /* Info.plist */ = {isa = PBXFileReference; lastKnownFileType = text.plist.xml; path = Info.plist; sourceTree = "<group>"; };
/* End PBXFileReference section */

/* Begin PBXFrameworksBuildPhase section */
		31F24A161BD1EB9C00CE1A0A /* Frameworks */ = {
			isa = PBXFrameworksBuildPhase;
			buildActionMask = 2147483647;
			files = (
			);
			runOnlyForDeploymentPostprocessing = 0;
		};
		31F24A2F1BD1EB9D00CE1A0A /* Frameworks */ = {
			isa = PBXFrameworksBuildPhase;
			buildActionMask = 2147483647;
			files = (
			);
			runOnlyForDeploymentPostprocessing = 0;
		};
		31F24A3A1BD1EB9D00CE1A0A /* Frameworks */ = {
			isa = PBXFrameworksBuildPhase;
			buildActionMask = 2147483647;
			files = (
			);
			runOnlyForDeploymentPostprocessing = 0;
		};
/* End PBXFrameworksBuildPhase section */

/* Begin PBXGroup section */
		31F24A101BD1EB9C00CE1A0A = {
			isa = PBXGroup;
			children = (
				31F24A1B1BD1EB9C00CE1A0A /* schedule */,
				31F24A351BD1EB9D00CE1A0A /* scheduleTests */,
				31F24A401BD1EB9D00CE1A0A /* scheduleUITests */,
				31F24A1A1BD1EB9C00CE1A0A /* Products */,
			);
			sourceTree = "<group>";
		};
		31F24A1A1BD1EB9C00CE1A0A /* Products */ = {
			isa = PBXGroup;
			children = (
				31F24A191BD1EB9C00CE1A0A /* schedule.app */,
				31F24A321BD1EB9D00CE1A0A /* scheduleTests.xctest */,
				31F24A3D1BD1EB9D00CE1A0A /* scheduleUITests.xctest */,
			);
			name = Products;
			sourceTree = "<group>";
		};
		31F24A1B1BD1EB9C00CE1A0A /* schedule */ = {
			isa = PBXGroup;
			children = (
				31F24A1F1BD1EB9C00CE1A0A /* AppDelegate.h */,
				31F24A201BD1EB9C00CE1A0A /* AppDelegate.m */,
				31F24A221BD1EB9C00CE1A0A /* ViewController.h */,
				31F24A231BD1EB9C00CE1A0A /* ViewController.m */,
				31F24A251BD1EB9D00CE1A0A /* Main.storyboard */,
				31F24A281BD1EB9D00CE1A0A /* Assets.xcassets */,
				31F24A2A1BD1EB9D00CE1A0A /* LaunchScreen.storyboard */,
				31F24A2D1BD1EB9D00CE1A0A /* Info.plist */,
				31F24A1C1BD1EB9C00CE1A0A /* Supporting Files */,
			);
			path = schedule;
			sourceTree = "<group>";
		};
		31F24A1C1BD1EB9C00CE1A0A /* Supporting Files */ = {
			isa = PBXGroup;
			children = (
				31F24A1D1BD1EB9C00CE1A0A /* main.m */,
			);
			name = "Supporting Files";
			sourceTree = "<group>";
		};
		31F24A351BD1EB9D00CE1A0A /* scheduleTests */ = {
			isa = PBXGroup;
			children = (
				31F24A361BD1EB9D00CE1A0A /* scheduleTests.m */,
				31F24A381BD1EB9D00CE1A0A /* Info.plist */,
			);
			path = scheduleTests;
			sourceTree = "<group>";
		};
		31F24A401BD1EB9D00CE1A0A /* scheduleUITests */ = {
			isa = PBXGroup;
			children = (
				31F24A411BD1EB9D00CE1A0A /* scheduleUITests.m */,
				31F24A431BD1EB9D00CE1A0A /* Info.plist */,
			);
			path = scheduleUITests;
			sourceTree = "<group>";
		};
/* End PBXGroup section */

/* Begin PBXNativeTarget section */
		31F24A181BD1EB9C00CE1A0A /* schedule */ = {
			isa = PBXNativeTarget;
			buildConfigurationList = 31F24A461BD1EB9D00CE1A0A /* Build configuration list for PBXNativeTarget "schedule" */;
			buildPhases = (
				31F24A151BD1EB9C00CE1A0A /* Sources */,
				31F24A161BD1EB9C00CE1A0A /* Frameworks */,
				31F24A171BD1EB9C00CE1A0A /* Resources */,
			);
			buildRules = (
			);
			dependencies = (
			);
			name = schedule;
			productName = schedule;
			productReference = 31F24A191BD1EB9C00CE1A0A /* schedule.app */;
			productType = "com.apple.product-type.application";
		};
		31F24A311BD1EB9D00CE1A0A /* scheduleTests */ = {
			isa = PBXNativeTarget;
			buildConfigurationList = 31F24A491BD1EB9D00CE1A0A /* Build configuration list for PBXNativeTarget "scheduleTests" */;
			buildPhases = (
				31F24A2E1BD1EB9D00CE1A0A /* Sources */,
				31F24A2F1BD1EB9D00CE1A0A /* Frameworks */,
				31F24A301BD1EB9D00CE1A0A /* Resources */,
			);
			buildRules = (
			);
			dependencies = (
				31F24A341BD1EB9D00CE1A0A /* PBXTargetDependency */,
			);
			name = scheduleTests;
			productName = scheduleTests;
			productReference = 31F24A321BD1EB9D00CE1A0A /* scheduleTests.xctest */;
			productType = "com.apple.product-type.bundle.unit-test";
		};
		31F24A3C1BD1EB9D00CE1A0A /* scheduleUITests */ = {
			isa = PBXNativeTarget;
			buildConfigurationList = 31F24A4C1BD1EB9D00CE1A0A /* Build configuration list for PBXNativeTarget "scheduleUITests" */;
			buildPhases = (
				31F24A391BD1EB9D00CE1A0A /* Sources */,
				31F24A3A1BD1EB9D00CE1A0A /* Frameworks */,
				31F24A3B1BD1EB9D00CE1A0A /* Resources */,
			);
			buildRules = (
			);
			dependencies = (
				31F24A3F1BD1EB9D00CE1A0A /* PBXTargetDependency */,
			);
			name = scheduleUITests;
			productName = scheduleUITests;
			productReference = 31F24A3D1BD1EB9D00CE1A0A /* scheduleUITests.xctest */;
			productType = "com.apple.product-type.bundle.ui-testing";
		};
/* End PBXNativeTarget section */

/* Begin PBXProject section */
		31F24A111BD1EB9C00CE1A0A /* Project object */ = {
			isa = PBXProject;
			attributes = {
				LastUpgradeCheck = 0700;
				ORGANIZATIONNAME = zbc;
				TargetAttributes = {
					31F24A181BD1EB9C00CE1A0A = {
						CreatedOnToolsVersion = 7.0.1;
					};
					31F24A311BD1EB9D00CE1A0A = {
						CreatedOnToolsVersion = 7.0.1;
						TestTargetID = 31F24A181BD1EB9C00CE1A0A;
					};
					31F24A3C1BD1EB9D00CE1A0A = {
						CreatedOnToolsVersion = 7.0.1;
						TestTargetID = 31F24A181BD1EB9C00CE1A0A;
					};
				};
			};
			buildConfigurationList = 31F24A141BD1EB9C00CE1A0A /* Build configuration list for PBXProject "schedule" */;
			compatibilityVersion = "Xcode 3.2";
			developmentRegion = English;
			hasScannedForEncodings = 0;
			knownRegions = (
				en,
				Base,
			);
			mainGroup = 31F24A101BD1EB9C00CE1A0A;
			productRefGroup = 31F24A1A1BD1EB9C00CE1A0A /* Products */;
			projectDirPath = "";
			projectRoot = "";
			targets = (
				31F24A181BD1EB9C00CE1A0A /* schedule */,
				31F24A311BD1EB9D00CE1A0A /* scheduleTests */,
				31F24A3C1BD1EB9D00CE1A0A /* scheduleUITests */,
			);
		};
/* End PBXProject section */

/* Begin PBXResourcesBuildPhase section */
		31F24A171BD1EB9C00CE1A0A /* Resources */ = {
			isa = PBXResourcesBuildPhase;
			buildActionMask = 2147483647;
			files = (
				31F24A2C1BD1EB9D00CE1A0A /* LaunchScreen.storyboard in Resources */,
				31F24A291BD1EB9D00CE1A0A /* Assets.xcassets in Resources */,
				31F24A271BD1EB9D00CE1A0A /* Main.storyboard in Resources */,
			);
			runOnlyForDeploymentPostprocessing = 0;
		};
		31F24A301BD1EB9D00CE1A0A /* Resources */ = {
			isa = PBXResourcesBuildPhase;
			buildActionMask = 2147483647;
			files = (
			);
			runOnlyForDeploymentPostprocessing = 0;
		};
		31F24A3B1BD1EB9D00CE1A0A /* Resources */ = {
			isa = PBXResourcesBuildPhase;
			buildActionMask = 2147483647;
			files = (
			);
			runOnlyForDeploymentPostprocessing = 0;
		};
/* End PBXResourcesBuildPhase section */

/* Begin PBXSourcesBuildPhase section */
		31F24A151BD1EB9C00CE1A0A /* Sources */ = {
			isa = PBXSourcesBuildPhase;
			buildActionMask = 2147483647;
			files = (
				31F24A241BD1EB9C00CE1A0A /* ViewController.m in Sources */,
				31F24A211BD1EB9C00CE1A0A /* AppDelegate.m in Sources */,
				31F24A1E1BD1EB9C00CE1A0A /* main.m in Sources */,
			);
			runOnlyForDeploymentPostprocessing = 0;
		};
		31F24A2E1BD1EB9D00CE1A0A /* Sources */ = {
			isa = PBXSourcesBuildPhase;
			buildActionMask = 2147483647;
			files = (
				31F24A371BD1EB9D00CE1A0A /* scheduleTests.m in Sources */,
			);
			runOnlyForDeploymentPostprocessing = 0;
		};
		31F24A391BD1EB9D00CE1A0A /* Sources */ = {
			isa = PBXSourcesBuildPhase;
			buildActionMask = 2147483647;
			files = (
				31F24A421BD1EB9D00CE1A0A /* scheduleUITests.m in Sources */,
			);
			runOnlyForDeploymentPostprocessing = 0;
		};
/* End PBXSourcesBuildPhase section */

/* Begin PBXTargetDependency section */
		31F24A341BD1EB9D00CE1A0A /* PBXTargetDependency */ = {
			isa = PBXTargetDependency;
			target = 31F24A181BD1EB9C00CE1A0A /* schedule */;
			targetProxy = 31F24A331BD1EB9D00CE1A0A /* PBXContainerItemProxy */;
		};
		31F24A3F1BD1EB9D00CE1A0A /* PBXTargetDependency */ = {
			isa = PBXTargetDependency;
			target = 31F24A181BD1EB9C00CE1A0A /* schedule */;
			targetProxy = 31F24A3E1BD1EB9D00CE1A0A /* PBXContainerItemProxy */;
		};
/* End PBXTargetDependency section */

/* Begin PBXVariantGroup section */
		31F24A251BD1EB9D00CE1A0A /* Main.storyboard */ = {
			isa = PBXVariantGroup;
			children = (
				31F24A261BD1EB9D00CE1A0A /* Base */,
			);
			name = Main.storyboard;
			sourceTree = "<group>";
		};
		31F24A2A1BD1EB9D00CE1A0A /* LaunchScreen.storyboard */ = {
			isa = PBXVariantGroup;
			children = (
				31F24A2B1BD1EB9D00CE1A0A /* Base */,
			);
			name = LaunchScreen.storyboard;
			sourceTree = "<group>";
		};
/* End PBXVariantGroup section */

/* Begin XCBuildConfiguration section */
		31F24A441BD1EB9D00CE1A0A /* Debug */ = {
			isa = XCBuildConfiguration;
			buildSettings = {
				ALWAYS_SEARCH_USER_PATHS = NO;
				CLANG_CXX_LANGUAGE_STANDARD = "gnu++0x";
				CLANG_CXX_LIBRARY = "libc++";
				CLANG_ENABLE_MODULES = YES;
				CLANG_ENABLE_OBJC_ARC = YES;
				CLANG_WARN_BOOL_CONVERSION = YES;
				CLANG_WARN_CONSTANT_CONVERSION = YES;
				CLANG_WARN_DIRECT_OBJC_ISA_USAGE = YES_ERROR;
				CLANG_WARN_EMPTY_BODY = YES;
				CLANG_WARN_ENUM_CONVERSION = YES;
				CLANG_WARN_INT_CONVERSION = YES;
				CLANG_WARN_OBJC_ROOT_CLASS = YES_ERROR;
				CLANG_WARN_UNREACHABLE_CODE = YES;
				CLANG_WARN__DUPLICATE_METHOD_MATCH = YES;
				"CODE_SIGN_IDENTITY[sdk=iphoneos*]" = "iPhone Developer";
				COPY_PHASE_STRIP = NO;
				DEBUG_INFORMATION_FORMAT = dwarf;
				ENABLE_STRICT_OBJC_MSGSEND = YES;
				ENABLE_TESTABILITY = YES;
				GCC_C_LANGUAGE_STANDARD = gnu99;
				GCC_DYNAMIC_NO_PIC = NO;
				GCC_NO_COMMON_BLOCKS = YES;
				GCC_OPTIMIZATION_LEVEL = 0;
				GCC_PREPROCESSOR_DEFINITIONS = (
					"DEBUG=1",
					"$(inherited)",
				);
				GCC_WARN_64_TO_32_BIT_CONVERSION = YES;
				GCC_WARN_ABOUT_RETURN_TYPE = YES_ERROR;
				GCC_WARN_UNDECLARED_SELECTOR = YES;
				GCC_WARN_UNINITIALIZED_AUTOS = YES_AGGRESSIVE;
				GCC_WARN_UNUSED_FUNCTION = YES;
				GCC_WARN_UNUSED_VARIABLE = YES;
				IPHONEOS_DEPLOYMENT_TARGET = 9.0;
				MTL_ENABLE_DEBUG_INFO = YES;
				ONLY_ACTIVE_ARCH = YES;
				SDKROOT = iphoneos;
				TARGETED_DEVICE_FAMILY = "1,2";
			};
			name = Debug;
		};
		31F24A451BD1EB9D00CE1A0A /* Release */ = {
			isa = XCBuildConfiguration;
			buildSettings = {
				ALWAYS_SEARCH_USER_PATHS = NO;
				CLANG_CXX_LANGUAGE_STANDARD = "gnu++0x";
				CLANG_CXX_LIBRARY = "libc++";
				CLANG_ENABLE_MODULES = YES;
				CLANG_ENABLE_OBJC_ARC = YES;
				CLANG_WARN_BOOL_CONVERSION = YES;
				CLANG_WARN_CONSTANT_CONVERSION = YES;
				CLANG_WARN_DIRECT_OBJC_ISA_USAGE = YES_ERROR;
				CLANG_WARN_EMPTY_BODY = YES;
				CLANG_WARN_ENUM_CONVERSION = YES;
				CLANG_WARN_INT_CONVERSION = YES;
				CLANG_WARN_OBJC_ROOT_CLASS = YES_ERROR;
				CLANG_WARN_UNREACHABLE_CODE = YES;
				CLANG_WARN__DUPLICATE_METHOD_MATCH = YES;
				"CODE_SIGN_IDENTITY[sdk=iphoneos*]" = "iPhone Developer";
				COPY_PHASE_STRIP = NO;
				DEBUG_INFORMATION_FORMAT = "dwarf-with-dsym";
				ENABLE_NS_ASSERTIONS = NO;
				ENABLE_STRICT_OBJC_MSGSEND = YES;
				GCC_C_LANGUAGE_STANDARD = gnu99;
				GCC_NO_COMMON_BLOCKS = YES;
				GCC_WARN_64_TO_32_BIT_CONVERSION = YES;
				GCC_WARN_ABOUT_RETURN_TYPE = YES_ERROR;
				GCC_WARN_UNDECLARED_SELECTOR = YES;
				GCC_WARN_UNINITIALIZED_AUTOS = YES_AGGRESSIVE;
				GCC_WARN_UNUSED_FUNCTION = YES;
				GCC_WARN_UNUSED_VARIABLE = YES;
				IPHONEOS_DEPLOYMENT_TARGET = 9.0;
				MTL_ENABLE_DEBUG_INFO = NO;
				SDKROOT = iphoneos;
				TARGETED_DEVICE_FAMILY = "1,2";
				VALIDATE_PRODUCT = YES;
			};
			name = Release;
		};
		31F24A471BD1EB9D00CE1A0A /* Debug */ = {
			isa = XCBuildConfiguration;
			buildSettings = {
				ASSETCATALOG_COMPILER_APPICON_NAME = AppIcon;
				INFOPLIST_FILE = schedule/Info.plist;
				LD_RUNPATH_SEARCH_PATHS = "$(inherited) @executable_path/Frameworks";
				PRODUCT_BUNDLE_IDENTIFIER = zhangbingchuan.schedule;
				PRODUCT_NAME = "$(TARGET_NAME)";
			};
			name = Debug;
		};
		31F24A481BD1EB9D00CE1A0A /* Release */ = {
			isa = XCBuildConfiguration;
			buildSettings = {
				ASSETCATALOG_COMPILER_APPICON_NAME = AppIcon;
				INFOPLIST_FILE = schedule/Info.plist;
				LD_RUNPATH_SEARCH_PATHS = "$(inherited) @executable_path/Frameworks";
				PRODUCT_BUNDLE_IDENTIFIER = zhangbingchuan.schedule;
				PRODUCT_NAME = "$(TARGET_NAME)";
			};
			name = Release;
		};
		31F24A4A1BD1EB9D00CE1A0A /* Debug */ = {
			isa = XCBuildConfiguration;
			buildSettings = {
				BUNDLE_LOADER = "$(TEST_HOST)";
				INFOPLIST_FILE = scheduleTests/Info.plist;
				LD_RUNPATH_SEARCH_PATHS = "$(inherited) @executable_path/Frameworks @loader_path/Frameworks";
				PRODUCT_BUNDLE_IDENTIFIER = zhangbingchuan.scheduleTests;
				PRODUCT_NAME = "$(TARGET_NAME)";
				TEST_HOST = "$(BUILT_PRODUCTS_DIR)/schedule.app/schedule";
			};
			name = Debug;
		};
		31F24A4B1BD1EB9D00CE1A0A /* Release */ = {
			isa = XCBuildConfiguration;
			buildSettings = {
				BUNDLE_LOADER = "$(TEST_HOST)";
				INFOPLIST_FILE = scheduleTests/Info.plist;
				LD_RUNPATH_SEARCH_PATHS = "$(inherited) @executable_path/Frameworks @loader_path/Frameworks";
				PRODUCT_BUNDLE_IDENTIFIER = zhangbingchuan.scheduleTests;
				PRODUCT_NAME = "$(TARGET_NAME)";
				TEST_HOST = "$(BUILT_PRODUCTS_DIR)/schedule.app/schedule";
			};
			name = Release;
		};
		31F24A4D1BD1EB9D00CE1A0A /* Debug */ = {
			isa = XCBuildConfiguration;
			buildSettings = {
				INFOPLIST_FILE = scheduleUITests/Info.plist;
				LD_RUNPATH_SEARCH_PATHS = "$(inherited) @executable_path/Frameworks @loader_path/Frameworks";
				PRODUCT_BUNDLE_IDENTIFIER = zhangbingchuan.scheduleUITests;
				PRODUCT_NAME = "$(TARGET_NAME)";
				TEST_TARGET_NAME = schedule;
				USES_XCTRUNNER = YES;
			};
			name = Debug;
		};
		31F24A4E1BD1EB9D00CE1A0A /* Release */ = {
			isa = XCBuildConfiguration;
			buildSettings = {
				INFOPLIST_FILE = scheduleUITests/Info.plist;
				LD_RUNPATH_SEARCH_PATHS = "$(inherited) @executable_path/Frameworks @loader_path/Frameworks";
				PRODUCT_BUNDLE_IDENTIFIER = zhangbingchuan.scheduleUITests;
				PRODUCT_NAME = "$(TARGET_NAME)";
				TEST_TARGET_NAME = schedule;
				USES_XCTRUNNER = YES;
			};
			name = Release;
		};
/* End XCBuildConfiguration section */

/* Begin XCConfigurationList section */
		31F24A141BD1EB9C00CE1A0A /* Build configuration list for PBXProject "schedule" */ = {
			isa = XCConfigurationList;
			buildConfigurations = (
				31F24A441BD1EB9D00CE1A0A /* Debug */,
				31F24A451BD1EB9D00CE1A0A /* Release */,
			);
			defaultConfigurationIsVisible = 0;
			defaultConfigurationName = Release;
		};
		31F24A461BD1EB9D00CE1A0A /* Build configuration list for PBXNativeTarget "schedule" */ = {
			isa = XCConfigurationList;
			buildConfigurations = (
				31F24A471BD1EB9D00CE1A0A /* Debug */,
				31F24A481BD1EB9D00CE1A0A /* Release */,
			);
			defaultConfigurationIsVisible = 0;
		};
		31F24A491BD1EB9D00CE1A0A /* Build configuration list for PBXNativeTarget "scheduleTests" */ = {
			isa = XCConfigurationList;
			buildConfigurations = (
				31F24A4A1BD1EB9D00CE1A0A /* Debug */,
				31F24A4B1BD1EB9D00CE1A0A /* Release */,
			);
			defaultConfigurationIsVisible = 0;
		};
		31F24A4C1BD1EB9D00CE1A0A /* Build configuration list for PBXNativeTarget "scheduleUITests" */ = {
			isa = XCConfigurationList;
			buildConfigurations = (
				31F24A4D1BD1EB9D00CE1A0A /* Debug */,
				31F24A4E1BD1EB9D00CE1A0A /* Release */,
			);
			defaultConfigurationIsVisible = 0;
		};
/* End XCConfigurationList section */
	};
	rootObject = 31F24A111BD1EB9C00CE1A0A /* Project object */;
}
